
Microsoft Visual Studio Solution File, Format Version 12.00
# Visual Studio Version 17
VisualStudioVersion = 17.7.34018.315
MinimumVisualStudioVersion = 10.0.40219.1
Project("{FAE04EC0-301F-11D3-BF4B-00C04F79EFBC}") = "trabalho interfaceWEB", "trabalho interfaceWEB\trabalho interfaceWEB.csproj", "{8BB6DF2D-6C9E-4453-BA38-6E6C833C6DDD}"
EndProject
Global
	GlobalSection(SolutionConfigurationPlatforms) = preSolution
		Debug|Any CPU = Debug|Any CPU
		Release|Any CPU = Release|Any CPU
	EndGlobalSection
	GlobalSection(ProjectConfigurationPlatforms) = postSolution
		{8BB6DF2D-6C9E-4453-BA38-6E6C833C6DDD}.Debug|Any CPU.ActiveCfg = Debug|Any CPU
		{8BB6DF2D-6C9E-4453-BA38-6E6C833C6DDD}.Debug|Any CPU.Build.0 = Debug|Any CPU
		{8BB6DF2D-6C9E-4453-BA38-6E6C833C6DDD}.Release|Any CPU.ActiveCfg = Release|Any CPU
		{8BB6DF2D-6C9E-4453-BA38-6E6C833C6DDD}.Release|Any CPU.Build.0 = Release|Any CPU
	EndGlobalSection
	GlobalSection(SolutionProperties) = preSolution
		HideSolutionNode = FALSE
	EndGlobalSection
	GlobalSection(ExtensibilityGlobals) = postSolution
		SolutionGuid = {92D94597-2B0C-46AF-A657-60414F0571EF}
	EndGlobalSection
EndGlobal
